{
  "requires": true,
  "lockfileVersion": 1,
  "dependencies": {
    "@pixi/accessibility": {
      "version": "5.1.1",
      "resolved": "https://registry.npm.taobao.org/@pixi/accessibility/download/@pixi/accessibility-5.1.1.tgz",
      "integrity": "sha1-X4f35mESksleO5sUSK4/0RCn+rY=",
      "requires": {
        "@pixi/core": "^5.1.1",
        "@pixi/display": "^5.1.1",
        "@pixi/utils": "^5.1.1"
      }
    },
    "@pixi/app": {
      "version": "5.1.1",
      "resolved": "https://registry.npm.taobao.org/@pixi/app/download/@pixi/app-5.1.1.tgz",
      "integrity": "sha1-3spAL1s5NKusrIyYwqcJzH4eDZo=",
      "requires": {
        "@pixi/core": "^5.1.1",
        "@pixi/display": "^5.1.1"
      }
    },
    "@pixi/constants": {
      "version": "5.1.0",
      "resolved": "https://registry.npm.taobao.org/@pixi/constants/download/@pixi/constants-5.1.0.tgz",
      "integrity": "sha1-ZjGSo9csu8ocQKlKfhAE+/mrZko="
    },
    "@pixi/core": {
      "version": "5.1.1",
      "resolved": "https://registry.npm.taobao.org/@pixi/core/download/@pixi/core-5.1.1.tgz",
      "integrity": "sha1-1dV5DKLQtAPubUoYX8OmnNz39xA=",
      "requires": {
        "@pixi/constants": "^5.1.0",
        "@pixi/display": "^5.1.1",
        "@pixi/math": "^5.1.0",
        "@pixi/runner": "^5.1.1",
        "@pixi/settings": "^5.1.1",
        "@pixi/ticker": "^5.1.1",
        "@pixi/utils": "^5.1.1"
      }
    },
    "@pixi/display": {
      "version": "5.1.1",
      "resolved": "https://registry.npm.taobao.org/@pixi/display/download/@pixi/display-5.1.1.tgz",
      "integrity": "sha1-gPdGf5sIcJ8oOWRfoBUL81aEyHI=",
      "requires": {
        "@pixi/math": "^5.1.0",
        "@pixi/settings": "^5.1.1",
        "@pixi/utils": "^5.1.1"
      }
    },
    "@pixi/extract": {
      "version": "5.1.1",
      "resolved": "https://registry.npm.taobao.org/@pixi/extract/download/@pixi/extract-5.1.1.tgz",
      "integrity": "sha1-DStoreq6faLzWpKQALY7G2Du0yE=",
      "requires": {
        "@pixi/core": "^5.1.1",
        "@pixi/math": "^5.1.0",
        "@pixi/utils": "^5.1.1"
      }
    },
    "@pixi/filter-alpha": {
      "version": "5.1.1",
      "resolved": "https://registry.npm.taobao.org/@pixi/filter-alpha/download/@pixi/filter-alpha-5.1.1.tgz",
      "integrity": "sha1-0HeNpe/2HgwU7m6DQMP6OOPF40M=",
      "requires": {
        "@pixi/core": "^5.1.1"
      }
    },
    "@pixi/filter-blur": {
      "version": "5.1.1",
      "resolved": "https://registry.npm.taobao.org/@pixi/filter-blur/download/@pixi/filter-blur-5.1.1.tgz",
      "integrity": "sha1-ZY9BXvqlEIhBFF+f8CEzuJjhqKM=",
      "requires": {
        "@pixi/core": "^5.1.1",
        "@pixi/settings": "^5.1.1"
      }
    },
    "@pixi/filter-color-matrix": {
      "version": "5.1.1",
      "resolved": "https://registry.npm.taobao.org/@pixi/filter-color-matrix/download/@pixi/filter-color-matrix-5.1.1.tgz",
      "integrity": "sha1-mlrtzsiHp+b88RSE7KLUc1ShEGA=",
      "requires": {
        "@pixi/core": "^5.1.1"
      }
    },
    "@pixi/filter-displacement": {
      "version": "5.1.1",
      "resolved": "https://registry.npm.taobao.org/@pixi/filter-displacement/download/@pixi/filter-displacement-5.1.1.tgz",
      "integrity": "sha1-BHqPl4eGZiHN7Fmmgn76HTOCCYI=",
      "requires": {
        "@pixi/core": "^5.1.1",
        "@pixi/math": "^5.1.0"
      }
    },
    "@pixi/filter-fxaa": {
      "version": "5.1.1",
      "resolved": "https://registry.npm.taobao.org/@pixi/filter-fxaa/download/@pixi/filter-fxaa-5.1.1.tgz",
      "integrity": "sha1-hHQzArnF4II2YnWu7urcKxR4l+8=",
      "requires": {
        "@pixi/core": "^5.1.1"
      }
    },
    "@pixi/filter-noise": {
      "version": "5.1.1",
      "resolved": "https://registry.npm.taobao.org/@pixi/filter-noise/download/@pixi/filter-noise-5.1.1.tgz",
      "integrity": "sha1-6yPWiNFj1m3ggWWKMEsGVPPmldQ=",
      "requires": {
        "@pixi/core": "^5.1.1"
      }
    },
    "@pixi/graphics": {
      "version": "5.1.1",
      "resolved": "https://registry.npm.taobao.org/@pixi/graphics/download/@pixi/graphics-5.1.1.tgz",
      "integrity": "sha1-5fkyfAbRNDwTziY2g8i9XBFo1i4=",
      "requires": {
        "@pixi/constants": "^5.1.0",
        "@pixi/core": "^5.1.1",
        "@pixi/display": "^5.1.1",
        "@pixi/math": "^5.1.0",
        "@pixi/sprite": "^5.1.1",
        "@pixi/utils": "^5.1.1"
      }
    },
    "@pixi/interaction": {
      "version": "5.1.1",
      "resolved": "https://registry.npm.taobao.org/@pixi/interaction/download/@pixi/interaction-5.1.1.tgz",
      "integrity": "sha1-QH1mksCKG7LhAekEvC1xNQxZ9iA=",
      "requires": {
        "@pixi/core": "^5.1.1",
        "@pixi/display": "^5.1.1",
        "@pixi/math": "^5.1.0",
        "@pixi/ticker": "^5.1.1",
        "@pixi/utils": "^5.1.1"
      }
    },
    "@pixi/loaders": {
      "version": "5.1.1",
      "resolved": "https://registry.npm.taobao.org/@pixi/loaders/download/@pixi/loaders-5.1.1.tgz",
      "integrity": "sha1-6/0YwzXXqiuaAM5R26CT06HgbuA=",
      "requires": {
        "@pixi/core": "^5.1.1",
        "@pixi/utils": "^5.1.1",
        "resource-loader": "^3.0.1"
      }
    },
    "@pixi/math": {
      "version": "5.1.0",
      "resolved": "https://registry.npm.taobao.org/@pixi/math/download/@pixi/math-5.1.0.tgz",
      "integrity": "sha1-eXTLmOyNUqSIJci6vU2ac91H6MU="
    },
    "@pixi/mesh": {
      "version": "5.1.1",
      "resolved": "https://registry.npm.taobao.org/@pixi/mesh/download/@pixi/mesh-5.1.1.tgz",
      "integrity": "sha1-xvsWc8APig+xui131Eaw2a9m4Wk=",
      "requires": {
        "@pixi/constants": "^5.1.0",
        "@pixi/core": "^5.1.1",
        "@pixi/display": "^5.1.1",
        "@pixi/math": "^5.1.0",
        "@pixi/settings": "^5.1.1",
        "@pixi/utils": "^5.1.1"
      }
    },
    "@pixi/mesh-extras": {
      "version": "5.1.1",
      "resolved": "https://registry.npm.taobao.org/@pixi/mesh-extras/download/@pixi/mesh-extras-5.1.1.tgz",
      "integrity": "sha1-tV/vtZ3QRpmzTMvTVxpk1nx5oRU=",
      "requires": {
        "@pixi/constants": "^5.1.0",
        "@pixi/core": "^5.1.1",
        "@pixi/math": "^5.1.0",
        "@pixi/mesh": "^5.1.1",
        "@pixi/utils": "^5.1.1"
      }
    },
    "@pixi/mixin-cache-as-bitmap": {
      "version": "5.1.1",
      "resolved": "https://registry.npm.taobao.org/@pixi/mixin-cache-as-bitmap/download/@pixi/mixin-cache-as-bitmap-5.1.1.tgz",
      "integrity": "sha1-LJQc/cTmDEx63t/rF3CvnYTBs6o=",
      "requires": {
        "@pixi/core": "^5.1.1",
        "@pixi/display": "^5.1.1",
        "@pixi/math": "^5.1.0",
        "@pixi/settings": "^5.1.1",
        "@pixi/sprite": "^5.1.1",
        "@pixi/utils": "^5.1.1"
      }
    },
    "@pixi/mixin-get-child-by-name": {
      "version": "5.1.1",
      "resolved": "https://registry.npm.taobao.org/@pixi/mixin-get-child-by-name/download/@pixi/mixin-get-child-by-name-5.1.1.tgz",
      "integrity": "sha1-T7PgRfK0sLLKTnTIWBbMGeINHkc=",
      "requires": {
        "@pixi/display": "^5.1.1"
      }
    },
    "@pixi/mixin-get-global-position": {
      "version": "5.1.1",
      "resolved": "https://registry.npm.taobao.org/@pixi/mixin-get-global-position/download/@pixi/mixin-get-global-position-5.1.1.tgz",
      "integrity": "sha1-Tk0V5QQIMAsHLc6Maqafy5l1Lgg=",
      "requires": {
        "@pixi/display": "^5.1.1",
        "@pixi/math": "^5.1.0"
      }
    },
    "@pixi/particles": {
      "version": "5.1.1",
      "resolved": "https://registry.npm.taobao.org/@pixi/particles/download/@pixi/particles-5.1.1.tgz",
      "integrity": "sha1-2/x/lziJQNCwL9FSK3k5sLr2Gzg=",
      "requires": {
        "@pixi/constants": "^5.1.0",
        "@pixi/core": "^5.1.1",
        "@pixi/display": "^5.1.1",
        "@pixi/math": "^5.1.0",
        "@pixi/utils": "^5.1.1"
      }
    },
    "@pixi/polyfill": {
      "version": "5.1.0",
      "resolved": "https://registry.npm.taobao.org/@pixi/polyfill/download/@pixi/polyfill-5.1.0.tgz",
      "integrity": "sha1-lr8uE9NI9IL4L9KA2nGytOnAR6U=",
      "requires": {
        "es6-promise-polyfill": "^1.2.0",
        "object-assign": "^4.1.1"
      }
    },
    "@pixi/prepare": {
      "version": "5.1.1",
      "resolved": "https://registry.npm.taobao.org/@pixi/prepare/download/@pixi/prepare-5.1.1.tgz",
      "integrity": "sha1-LZcAjDmZmuCXbf/SgrKSzL0ggUs=",
      "requires": {
        "@pixi/core": "^5.1.1",
        "@pixi/display": "^5.1.1",
        "@pixi/graphics": "^5.1.1",
        "@pixi/settings": "^5.1.1",
        "@pixi/text": "^5.1.1",
        "@pixi/ticker": "^5.1.1"
      }
    },
    "@pixi/runner": {
      "version": "5.1.1",
      "resolved": "https://registry.npm.taobao.org/@pixi/runner/download/@pixi/runner-5.1.1.tgz",
      "integrity": "sha1-3Wu16GSFEpG/lvlPOU++u29jaOw="
    },
    "@pixi/settings": {
      "version": "5.1.1",
      "resolved": "https://registry.npm.taobao.org/@pixi/settings/download/@pixi/settings-5.1.1.tgz",
      "integrity": "sha1-sCgQLdZ6hhdO5jc2POPST6ICqlc=",
      "requires": {
        "ismobilejs": "^0.5.1"
      }
    },
    "@pixi/sprite": {
      "version": "5.1.1",
      "resolved": "https://registry.npm.taobao.org/@pixi/sprite/download/@pixi/sprite-5.1.1.tgz",
      "integrity": "sha1-siSS+F5QtlOtEl9sM1uf2iqZoB4=",
      "requires": {
        "@pixi/constants": "^5.1.0",
        "@pixi/core": "^5.1.1",
        "@pixi/display": "^5.1.1",
        "@pixi/math": "^5.1.0",
        "@pixi/settings": "^5.1.1",
        "@pixi/utils": "^5.1.1"
      }
    },
    "@pixi/sprite-animated": {
      "version": "5.1.1",
      "resolved": "https://registry.npm.taobao.org/@pixi/sprite-animated/download/@pixi/sprite-animated-5.1.1.tgz",
      "integrity": "sha1-fvmok57Dyd4f+BGJW2meXCpLyh8=",
      "requires": {
        "@pixi/core": "^5.1.1",
        "@pixi/sprite": "^5.1.1",
        "@pixi/ticker": "^5.1.1"
      }
    },
    "@pixi/sprite-tiling": {
      "version": "5.1.1",
      "resolved": "https://registry.npm.taobao.org/@pixi/sprite-tiling/download/@pixi/sprite-tiling-5.1.1.tgz",
      "integrity": "sha1-YzHLcHRFU8DjWLFEVYmYN4Zctqg=",
      "requires": {
        "@pixi/constants": "^5.1.0",
        "@pixi/core": "^5.1.1",
        "@pixi/display": "^5.1.1",
        "@pixi/math": "^5.1.0",
        "@pixi/sprite": "^5.1.1",
        "@pixi/utils": "^5.1.1"
      }
    },
    "@pixi/spritesheet": {
      "version": "5.1.1",
      "resolved": "https://registry.npm.taobao.org/@pixi/spritesheet/download/@pixi/spritesheet-5.1.1.tgz",
      "integrity": "sha1-O7zTsduMx8meWeHmXGaspsSh7ZA=",
      "requires": {
        "@pixi/core": "^5.1.1",
        "@pixi/loaders": "^5.1.1",
        "@pixi/math": "^5.1.0",
        "@pixi/utils": "^5.1.1"
      }
    },
    "@pixi/text": {
      "version": "5.1.1",
      "resolved": "https://registry.npm.taobao.org/@pixi/text/download/@pixi/text-5.1.1.tgz",
      "integrity": "sha1-LtNENr/LiIe7/ZTvxBRKJaEqj1s=",
      "requires": {
        "@pixi/core": "^5.1.1",
        "@pixi/math": "^5.1.0",
        "@pixi/settings": "^5.1.1",
        "@pixi/sprite": "^5.1.1",
        "@pixi/utils": "^5.1.1"
      }
    },
    "@pixi/text-bitmap": {
      "version": "5.1.1",
      "resolved": "https://registry.npm.taobao.org/@pixi/text-bitmap/download/@pixi/text-bitmap-5.1.1.tgz",
      "integrity": "sha1-YSofu5bT1owErMMwJ5lCpVDmiy0=",
      "requires": {
        "@pixi/core": "^5.1.1",
        "@pixi/display": "^5.1.1",
        "@pixi/loaders": "^5.1.1",
        "@pixi/math": "^5.1.0",
        "@pixi/settings": "^5.1.1",
        "@pixi/sprite": "^5.1.1",
        "@pixi/utils": "^5.1.1"
      }
    },
    "@pixi/ticker": {
      "version": "5.1.1",
      "resolved": "https://registry.npm.taobao.org/@pixi/ticker/download/@pixi/ticker-5.1.1.tgz",
      "integrity": "sha1-RIFZ9FNoHknP/0ORZl1ZheDdd1Q=",
      "requires": {
        "@pixi/settings": "^5.1.1"
      }
    },
    "@pixi/utils": {
      "version": "5.1.1",
      "resolved": "https://registry.npm.taobao.org/@pixi/utils/download/@pixi/utils-5.1.1.tgz",
      "integrity": "sha1-bk1hEETJEYMm0XVgK3sX847XNfw=",
      "requires": {
        "@pixi/constants": "^5.1.0",
        "@pixi/settings": "^5.1.1",
        "earcut": "^2.1.5",
        "eventemitter3": "^3.1.0",
        "url": "^0.11.0"
      }
    },
    "earcut": {
      "version": "2.1.5",
      "resolved": "https://registry.npm.taobao.org/earcut/download/earcut-2.1.5.tgz",
      "integrity": "sha1-gpKAqaOg9f7gUp8KR8Pk7/CbIeQ="
    },
    "es6-promise-polyfill": {
      "version": "1.2.0",
      "resolved": "https://registry.npm.taobao.org/es6-promise-polyfill/download/es6-promise-polyfill-1.2.0.tgz",
      "integrity": "sha1-84kl8jyz4+jObNqP93T867sJDN4="
    },
    "eventemitter3": {
      "version": "3.1.2",
      "resolved": "https://registry.npm.taobao.org/eventemitter3/download/eventemitter3-3.1.2.tgz?cache=0&sync_timestamp=1560950873670&other_urls=https%3A%2F%2Fregistry.npm.taobao.org%2Feventemitter3%2Fdownload%2Feventemitter3-3.1.2.tgz",
      "integrity": "sha1-LT1I+cNGaY/Og6hdfWZOmFNd9uc="
    },
    "ismobilejs": {
      "version": "0.5.2",
      "resolved": "https://registry.npm.taobao.org/ismobilejs/download/ismobilejs-0.5.2.tgz",
      "integrity": "sha1-6Bus9hh8UyrYNINV9P7Nbmrf3OE="
    },
    "mini-signals": {
      "version": "1.2.0",
      "resolved": "https://registry.npm.taobao.org/mini-signals/download/mini-signals-1.2.0.tgz",
      "integrity": "sha1-RbCAE8X65RokqhqTXNMXye1yHXQ="
    },
    "object-assign": {
      "version": "4.1.1",
      "resolved": "https://registry.npm.taobao.org/object-assign/download/object-assign-4.1.1.tgz",
      "integrity": "sha1-IQmtx5ZYh8/AXLvUQsrIv7s2CGM="
    },
    "parse-uri": {
      "version": "1.0.0",
      "resolved": "https://registry.npm.taobao.org/parse-uri/download/parse-uri-1.0.0.tgz",
      "integrity": "sha1-KHLcwi8aeXrN4Vg9igrClVLdrCA="
    },
    "pixi.js": {
      "version": "5.1.1",
      "resolved": "https://registry.npm.taobao.org/pixi.js/download/pixi.js-5.1.1.tgz",
      "integrity": "sha1-CTWqA85D/JMRBYHxJAHgS2/9/JM=",
      "requires": {
        "@pixi/accessibility": "^5.1.1",
        "@pixi/app": "^5.1.1",
        "@pixi/constants": "^5.1.0",
        "@pixi/core": "^5.1.1",
        "@pixi/display": "^5.1.1",
        "@pixi/extract": "^5.1.1",
        "@pixi/filter-alpha": "^5.1.1",
        "@pixi/filter-blur": "^5.1.1",
        "@pixi/filter-color-matrix": "^5.1.1",
        "@pixi/filter-displacement": "^5.1.1",
        "@pixi/filter-fxaa": "^5.1.1",
        "@pixi/filter-noise": "^5.1.1",
        "@pixi/graphics": "^5.1.1",
        "@pixi/interaction": "^5.1.1",
        "@pixi/loaders": "^5.1.1",
        "@pixi/math": "^5.1.0",
        "@pixi/mesh": "^5.1.1",
        "@pixi/mesh-extras": "^5.1.1",
        "@pixi/mixin-cache-as-bitmap": "^5.1.1",
        "@pixi/mixin-get-child-by-name": "^5.1.1",
        "@pixi/mixin-get-global-position": "^5.1.1",
        "@pixi/particles": "^5.1.1",
        "@pixi/polyfill": "^5.1.0",
        "@pixi/prepare": "^5.1.1",
        "@pixi/runner": "^5.1.1",
        "@pixi/settings": "^5.1.1",
        "@pixi/sprite": "^5.1.1",
        "@pixi/sprite-animated": "^5.1.1",
        "@pixi/sprite-tiling": "^5.1.1",
        "@pixi/spritesheet": "^5.1.1",
        "@pixi/text": "^5.1.1",
        "@pixi/text-bitmap": "^5.1.1",
        "@pixi/ticker": "^5.1.1",
        "@pixi/utils": "^5.1.1"
      }
    },
    "punycode": {
      "version": "1.3.2",
      "resolved": "https://registry.npm.taobao.org/punycode/download/punycode-1.3.2.tgz",
      "integrity": "sha1-llOgNvt8HuQjQvIyXM7v6jkmxI0="
    },
    "querystring": {
      "version": "0.2.0",
      "resolved": "https://registry.npm.taobao.org/querystring/download/querystring-0.2.0.tgz",
      "integrity": "sha1-sgmEkgO7Jd+CDadW50cAWHhSFiA="
    },
    "resource-loader": {
      "version": "3.0.1",
      "resolved": "https://registry.npm.taobao.org/resource-loader/download/resource-loader-3.0.1.tgz",
      "integrity": "sha1-MzVbtUIeKZT1lFS7x/bb/43wbUc=",
      "requires": {
        "mini-signals": "^1.2.0",
        "parse-uri": "^1.0.0"
      }
    },
    "url": {
      "version": "0.11.0",
      "resolved": "https://registry.npm.taobao.org/url/download/url-0.11.0.tgz",
      "integrity": "sha1-ODjpfPxgUh63PFJajlW/3Z4uKPE=",
      "requires": {
        "punycode": "1.3.2",
        "querystring": "0.2.0"
      }
    }
  }
}
